// !$*UTF8*$!
{
	archiveVersion = 1;
	classes = {
	};
	objectVersion = 46;
	objects = {

/* Begin PBXBuildFile section */
		C7B738131BC0A7A900B39E1B /* AppDelegate.swift in Sources */ = {isa = PBXBuildFile; fileRef = C7B738121BC0A7A900B39E1B /* AppDelegate.swift */; };
		C7B738151BC0A7A900B39E1B /* ViewController.swift in Sources */ = {isa = PBXBuildFile; fileRef = C7B738141BC0A7A900B39E1B /* ViewController.swift */; };
		C7B738181BC0A7A900B39E1B /* Main.storyboard in Resources */ = {isa = PBXBuildFile; fileRef = C7B738161BC0A7A900B39E1B /* Main.storyboard */; };
		C7B7381A1BC0A7A900B39E1B /* Assets.xcassets in Resources */ = {isa = PBXBuildFile; fileRef = C7B738191BC0A7A900B39E1B /* Assets.xcassets */; };
		C7B7381D1BC0A7A900B39E1B /* LaunchScreen.storyboard in Resources */ = {isa = PBXBuildFile; fileRef = C7B7381B1BC0A7A900B39E1B /* LaunchScreen.storyboard */; };
		C7B738281BC0A7A900B39E1B /* HowlerTests.swift in Sources */ = {isa = PBXBuildFile; fileRef = C7B738271BC0A7A900B39E1B /* HowlerTests.swift */; };
		C7B738331BC0A7A900B39E1B /* HowlerUITests.swift in Sources */ = {isa = PBXBuildFile; fileRef = C7B738321BC0A7A900B39E1B /* HowlerUITests.swift */; };
		C7B7384A1BC0C17600B39E1B /* 2.mp3 in Resources */ = {isa = PBXBuildFile; fileRef = C7B738421BC0C17600B39E1B /* 2.mp3 */; settings = {ASSET_TAGS = (); }; };
		C7B7384B1BC0C17600B39E1B /* 3.mp3 in Resources */ = {isa = PBXBuildFile; fileRef = C7B738431BC0C17600B39E1B /* 3.mp3 */; settings = {ASSET_TAGS = (); }; };
		C7B7384C1BC0C17600B39E1B /* 4.mp3 in Resources */ = {isa = PBXBuildFile; fileRef = C7B738441BC0C17600B39E1B /* 4.mp3 */; settings = {ASSET_TAGS = (); }; };
		C7B7384D1BC0C17600B39E1B /* 5.mp3 in Resources */ = {isa = PBXBuildFile; fileRef = C7B738451BC0C17600B39E1B /* 5.mp3 */; settings = {ASSET_TAGS = (); }; };
		C7B7384E1BC0C17600B39E1B /* Dwight Yelling (mp3cut.net).mp3 in Resources */ = {isa = PBXBuildFile; fileRef = C7B738461BC0C17600B39E1B /* Dwight Yelling (mp3cut.net).mp3 */; settings = {ASSET_TAGS = (); }; };
		C7B7384F1BC0C17600B39E1B /* Get Your Shit Together, Summer - Rick and Morty (mp3cut.net).mp3 in Resources */ = {isa = PBXBuildFile; fileRef = C7B738471BC0C17600B39E1B /* Get Your Shit Together, Summer - Rick and Morty (mp3cut.net).mp3 */; settings = {ASSET_TAGS = (); }; };
		C7B738501BC0C17600B39E1B /* Gordon Ramsay- An Idiot Sandwich (mp3cut.net).mp3 in Resources */ = {isa = PBXBuildFile; fileRef = C7B738481BC0C17600B39E1B /* Gordon Ramsay- An Idiot Sandwich (mp3cut.net).mp3 */; settings = {ASSET_TAGS = (); }; };
		C7B738511BC0C17600B39E1B /* Shia LaBeouf Just Do It Motivational Speech – Original Video (mp3cut.net).mp3 in Resources */ = {isa = PBXBuildFile; fileRef = C7B738491BC0C17600B39E1B /* Shia LaBeouf Just Do It Motivational Speech – Original Video (mp3cut.net).mp3 */; settings = {ASSET_TAGS = (); }; };
/* End PBXBuildFile section */

/* Begin PBXContainerItemProxy section */
		C7B738241BC0A7A900B39E1B /* PBXContainerItemProxy */ = {
			isa = PBXContainerItemProxy;
			containerPortal = C7B738071BC0A7A900B39E1B /* Project object */;
			proxyType = 1;
			remoteGlobalIDString = C7B7380E1BC0A7A900B39E1B;
			remoteInfo = Howler;
		};
		C7B7382F1BC0A7A900B39E1B /* PBXContainerItemProxy */ = {
			isa = PBXContainerItemProxy;
			containerPortal = C7B738071BC0A7A900B39E1B /* Project object */;
			proxyType = 1;
			remoteGlobalIDString = C7B7380E1BC0A7A900B39E1B;
			remoteInfo = Howler;
		};
/* End PBXContainerItemProxy section */

/* Begin PBXFileReference section */
		C7B7380F1BC0A7A900B39E1B /* Howler.app */ = {isa = PBXFileReference; explicitFileType = wrapper.application; includeInIndex = 0; path = Howler.app; sourceTree = BUILT_PRODUCTS_DIR; };
		C7B738121BC0A7A900B39E1B /* AppDelegate.swift */ = {isa = PBXFileReference; lastKnownFileType = sourcecode.swift; path = AppDelegate.swift; sourceTree = "<group>"; };
		C7B738141BC0A7A900B39E1B /* ViewController.swift */ = {isa = PBXFileReference; lastKnownFileType = sourcecode.swift; path = ViewController.swift; sourceTree = "<group>"; };
		C7B738171BC0A7A900B39E1B /* Base */ = {isa = PBXFileReference; lastKnownFileType = file.storyboard; name = Base; path = Base.lproj/Main.storyboard; sourceTree = "<group>"; };
		C7B738191BC0A7A900B39E1B /* Assets.xcassets */ = {isa = PBXFileReference; lastKnownFileType = folder.assetcatalog; path = Assets.xcassets; sourceTree = "<group>"; };
		C7B7381C1BC0A7A900B39E1B /* Base */ = {isa = PBXFileReference; lastKnownFileType = file.storyboard; name = Base; path = Base.lproj/LaunchScreen.storyboard; sourceTree = "<group>"; };
		C7B7381E1BC0A7A900B39E1B /* Info.plist */ = {isa = PBXFileReference; lastKnownFileType = text.plist.xml; path = Info.plist; sourceTree = "<group>"; };
		C7B738231BC0A7A900B39E1B /* HowlerTests.xctest */ = {isa = PBXFileReference; explicitFileType = wrapper.cfbundle; includeInIndex = 0; path = HowlerTests.xctest; sourceTree = BUILT_PRODUCTS_DIR; };
		C7B738271BC0A7A900B39E1B /* HowlerTests.swift */ = {isa = PBXFileReference; lastKnownFileType = sourcecode.swift; path = HowlerTests.swift; sourceTree = "<group>"; };
		C7B738291BC0A7A900B39E1B /* Info.plist */ = {isa = PBXFileReference; lastKnownFileType = text.plist.xml; path = Info.plist; sourceTree = "<group>"; };
		C7B7382E1BC0A7A900B39E1B /* HowlerUITests.xctest */ = {isa = PBXFileReference; explicitFileType = wrapper.cfbundle; includeInIndex = 0; path = HowlerUITests.xctest; sourceTree = BUILT_PRODUCTS_DIR; };
		C7B738321BC0A7A900B39E1B /* HowlerUITests.swift */ = {isa = PBXFileReference; lastKnownFileType = sourcecode.swift; path = HowlerUITests.swift; sourceTree = "<group>"; };
		C7B738341BC0A7A900B39E1B /* Info.plist */ = {isa = PBXFileReference; lastKnownFileType = text.plist.xml; path = Info.plist; sourceTree = "<group>"; };
		C7B738421BC0C17600B39E1B /* 2.mp3 */ = {isa = PBXFileReference; lastKnownFileType = audio.mp3; path = 2.mp3; sourceTree = "<group>"; };
		C7B738431BC0C17600B39E1B /* 3.mp3 */ = {isa = PBXFileReference; lastKnownFileType = audio.mp3; path = 3.mp3; sourceTree = "<group>"; };
		C7B738441BC0C17600B39E1B /* 4.mp3 */ = {isa = PBXFileReference; lastKnownFileType = audio.mp3; path = 4.mp3; sourceTree = "<group>"; };
		C7B738451BC0C17600B39E1B /* 5.mp3 */ = {isa = PBXFileReference; lastKnownFileType = audio.mp3; path = 5.mp3; sourceTree = "<group>"; };
		C7B738461BC0C17600B39E1B /* Dwight Yelling (mp3cut.net).mp3 */ = {isa = PBXFileReference; lastKnownFileType = audio.mp3; path = "Dwight Yelling (mp3cut.net).mp3"; sourceTree = "<group>"; };
		C7B738471BC0C17600B39E1B /* Get Your Shit Together, Summer - Rick and Morty (mp3cut.net).mp3 */ = {isa = PBXFileReference; lastKnownFileType = audio.mp3; path = "Get Your Shit Together, Summer - Rick and Morty (mp3cut.net).mp3"; sourceTree = "<group>"; };
		C7B738481BC0C17600B39E1B /* Gordon Ramsay- An Idiot Sandwich (mp3cut.net).mp3 */ = {isa = PBXFileReference; lastKnownFileType = audio.mp3; path = "Gordon Ramsay- An Idiot Sandwich (mp3cut.net).mp3"; sourceTree = "<group>"; };
		C7B738491BC0C17600B39E1B /* Shia LaBeouf Just Do It Motivational Speech – Original Video (mp3cut.net).mp3 */ = {isa = PBXFileReference; lastKnownFileType = audio.mp3; path = "Shia LaBeouf Just Do It Motivational Speech – Original Video (mp3cut.net).mp3"; sourceTree = "<group>"; };
/* End PBXFileReference section */

/* Begin PBXFrameworksBuildPhase section */
		C7B7380C1BC0A7A900B39E1B /* Frameworks */ = {
			isa = PBXFrameworksBuildPhase;
			buildActionMask = 2147483647;
			files = (
			);
			runOnlyForDeploymentPostprocessing = 0;
		};
		C7B738201BC0A7A900B39E1B /* Frameworks */ = {
			isa = PBXFrameworksBuildPhase;
			buildActionMask = 2147483647;
			files = (
			);
			runOnlyForDeploymentPostprocessing = 0;
		};
		C7B7382B1BC0A7A900B39E1B /* Frameworks */ = {
			isa = PBXFrameworksBuildPhase;
			buildActionMask = 2147483647;
			files = (
			);
			runOnlyForDeploymentPostprocessing = 0;
		};
/* End PBXFrameworksBuildPhase section */

/* Begin PBXGroup section */
		C7B738061BC0A7A900B39E1B = {
			isa = PBXGroup;
			children = (
				C7B738111BC0A7A900B39E1B /* Howler */,
				C7B738261BC0A7A900B39E1B /* HowlerTests */,
				C7B738311BC0A7A900B39E1B /* HowlerUITests */,
				C7B738101BC0A7A900B39E1B /* Products */,
			);
			sourceTree = "<group>";
		};
		C7B738101BC0A7A900B39E1B /* Products */ = {
			isa = PBXGroup;
			children = (
				C7B7380F1BC0A7A900B39E1B /* Howler.app */,
				C7B738231BC0A7A900B39E1B /* HowlerTests.xctest */,
				C7B7382E1BC0A7A900B39E1B /* HowlerUITests.xctest */,
			);
			name = Products;
			sourceTree = "<group>";
		};
		C7B738111BC0A7A900B39E1B /* Howler */ = {
			isa = PBXGroup;
			children = (
				C7B738521BC0C18D00B39E1B /* Supporting FIles */,
				C7B738121BC0A7A900B39E1B /* AppDelegate.swift */,
				C7B738141BC0A7A900B39E1B /* ViewController.swift */,
				C7B738161BC0A7A900B39E1B /* Main.storyboard */,
				C7B738191BC0A7A900B39E1B /* Assets.xcassets */,
				C7B7381B1BC0A7A900B39E1B /* LaunchScreen.storyboard */,
				C7B7381E1BC0A7A900B39E1B /* Info.plist */,
			);
			path = Howler;
			sourceTree = "<group>";
		};
		C7B738261BC0A7A900B39E1B /* HowlerTests */ = {
			isa = PBXGroup;
			children = (
				C7B738271BC0A7A900B39E1B /* HowlerTests.swift */,
				C7B738291BC0A7A900B39E1B /* Info.plist */,
			);
			path = HowlerTests;
			sourceTree = "<group>";
		};
		C7B738311BC0A7A900B39E1B /* HowlerUITests */ = {
			isa = PBXGroup;
			children = (
				C7B738321BC0A7A900B39E1B /* HowlerUITests.swift */,
				C7B738341BC0A7A900B39E1B /* Info.plist */,
			);
			path = HowlerUITests;
			sourceTree = "<group>";
		};
		C7B738521BC0C18D00B39E1B /* Supporting FIles */ = {
			isa = PBXGroup;
			children = (
				C7B738421BC0C17600B39E1B /* 2.mp3 */,
				C7B738431BC0C17600B39E1B /* 3.mp3 */,
				C7B738441BC0C17600B39E1B /* 4.mp3 */,
				C7B738451BC0C17600B39E1B /* 5.mp3 */,
				C7B738461BC0C17600B39E1B /* Dwight Yelling (mp3cut.net).mp3 */,
				C7B738471BC0C17600B39E1B /* Get Your Shit Together, Summer - Rick and Morty (mp3cut.net).mp3 */,
				C7B738481BC0C17600B39E1B /* Gordon Ramsay- An Idiot Sandwich (mp3cut.net).mp3 */,
				C7B738491BC0C17600B39E1B /* Shia LaBeouf Just Do It Motivational Speech – Original Video (mp3cut.net).mp3 */,
			);
			name = "Supporting FIles";
			sourceTree = "<group>";
		};
/* End PBXGroup section */

/* Begin PBXNativeTarget section */
		C7B7380E1BC0A7A900B39E1B /* Howler */ = {
			isa = PBXNativeTarget;
			buildConfigurationList = C7B738371BC0A7A900B39E1B /* Build configuration list for PBXNativeTarget "Howler" */;
			buildPhases = (
				C7B7380B1BC0A7A900B39E1B /* Sources */,
				C7B7380C1BC0A7A900B39E1B /* Frameworks */,
				C7B7380D1BC0A7A900B39E1B /* Resources */,
			);
			buildRules = (
			);
			dependencies = (
			);
			name = Howler;
			productName = Howler;
			productReference = C7B7380F1BC0A7A900B39E1B /* Howler.app */;
			productType = "com.apple.product-type.application";
		};
		C7B738221BC0A7A900B39E1B /* HowlerTests */ = {
			isa = PBXNativeTarget;
			buildConfigurationList = C7B7383A1BC0A7A900B39E1B /* Build configuration list for PBXNativeTarget "HowlerTests" */;
			buildPhases = (
				C7B7381F1BC0A7A900B39E1B /* Sources */,
				C7B738201BC0A7A900B39E1B /* Frameworks */,
				C7B738211BC0A7A900B39E1B /* Resources */,
			);
			buildRules = (
			);
			dependencies = (
				C7B738251BC0A7A900B39E1B /* PBXTargetDependency */,
			);
			name = HowlerTests;
			productName = HowlerTests;
			productReference = C7B738231BC0A7A900B39E1B /* HowlerTests.xctest */;
			productType = "com.apple.product-type.bundle.unit-test";
		};
		C7B7382D1BC0A7A900B39E1B /* HowlerUITests */ = {
			isa = PBXNativeTarget;
			buildConfigurationList = C7B7383D1BC0A7A900B39E1B /* Build configuration list for PBXNativeTarget "HowlerUITests" */;
			buildPhases = (
				C7B7382A1BC0A7A900B39E1B /* Sources */,
				C7B7382B1BC0A7A900B39E1B /* Frameworks */,
				C7B7382C1BC0A7A900B39E1B /* Resources */,
			);
			buildRules = (
			);
			dependencies = (
				C7B738301BC0A7A900B39E1B /* PBXTargetDependency */,
			);
			name = HowlerUITests;
			productName = HowlerUITests;
			productReference = C7B7382E1BC0A7A900B39E1B /* HowlerUITests.xctest */;
			productType = "com.apple.product-type.bundle.ui-testing";
		};
/* End PBXNativeTarget section */

/* Begin PBXProject section */
		C7B738071BC0A7A900B39E1B /* Project object */ = {
			isa = PBXProject;
			attributes = {
				LastUpgradeCheck = 0700;
				ORGANIZATIONNAME = "Sharfa Prasad and Tracy Lam";
				TargetAttributes = {
					C7B7380E1BC0A7A900B39E1B = {
						CreatedOnToolsVersion = 7.0.1;
					};
					C7B738221BC0A7A900B39E1B = {
						CreatedOnToolsVersion = 7.0.1;
						TestTargetID = C7B7380E1BC0A7A900B39E1B;
					};
					C7B7382D1BC0A7A900B39E1B = {
						CreatedOnToolsVersion = 7.0.1;
						TestTargetID = C7B7380E1BC0A7A900B39E1B;
					};
				};
			};
			buildConfigurationList = C7B7380A1BC0A7A900B39E1B /* Build configuration list for PBXProject "Howler" */;
			compatibilityVersion = "Xcode 3.2";
			developmentRegion = English;
			hasScannedForEncodings = 0;
			knownRegions = (
				en,
				Base,
			);
			mainGroup = C7B738061BC0A7A900B39E1B;
			productRefGroup = C7B738101BC0A7A900B39E1B /* Products */;
			projectDirPath = "";
			projectRoot = "";
			targets = (
				C7B7380E1BC0A7A900B39E1B /* Howler */,
				C7B738221BC0A7A900B39E1B /* HowlerTests */,
				C7B7382D1BC0A7A900B39E1B /* HowlerUITests */,
			);
		};
/* End PBXProject section */

/* Begin PBXResourcesBuildPhase section */
		C7B7380D1BC0A7A900B39E1B /* Resources */ = {
			isa = PBXResourcesBuildPhase;
			buildActionMask = 2147483647;
			files = (
				C7B7384D1BC0C17600B39E1B /* 5.mp3 in Resources */,
				C7B7384B1BC0C17600B39E1B /* 3.mp3 in Resources */,
				C7B7384E1BC0C17600B39E1B /* Dwight Yelling (mp3cut.net).mp3 in Resources */,
				C7B7381D1BC0A7A900B39E1B /* LaunchScreen.storyboard in Resources */,
				C7B738511BC0C17600B39E1B /* Shia LaBeouf Just Do It Motivational Speech – Original Video (mp3cut.net).mp3 in Resources */,
				C7B7384F1BC0C17600B39E1B /* Get Your Shit Together, Summer - Rick and Morty (mp3cut.net).mp3 in Resources */,
				C7B7384A1BC0C17600B39E1B /* 2.mp3 in Resources */,
				C7B7384C1BC0C17600B39E1B /* 4.mp3 in Resources */,
				C7B738501BC0C17600B39E1B /* Gordon Ramsay- An Idiot Sandwich (mp3cut.net).mp3 in Resources */,
				C7B7381A1BC0A7A900B39E1B /* Assets.xcassets in Resources */,
				C7B738181BC0A7A900B39E1B /* Main.storyboard in Resources */,
			);
			runOnlyForDeploymentPostprocessing = 0;
		};
		C7B738211BC0A7A900B39E1B /* Resources */ = {
			isa = PBXResourcesBuildPhase;
			buildActionMask = 2147483647;
			files = (
			);
			runOnlyForDeploymentPostprocessing = 0;
		};
		C7B7382C1BC0A7A900B39E1B /* Resources */ = {
			isa = PBXResourcesBuildPhase;
			buildActionMask = 2147483647;
			files = (
			);
			runOnlyForDeploymentPostprocessing = 0;
		};
/* End PBXResourcesBuildPhase section */

/* Begin PBXSourcesBuildPhase section */
		C7B7380B1BC0A7A900B39E1B /* Sources */ = {
			isa = PBXSourcesBuildPhase;
			buildActionMask = 2147483647;
			files = (
				C7B738151BC0A7A900B39E1B /* ViewController.swift in Sources */,
				C7B738131BC0A7A900B39E1B /* AppDelegate.swift in Sources */,
			);
			runOnlyForDeploymentPostprocessing = 0;
		};
		C7B7381F1BC0A7A900B39E1B /* Sources */ = {
			isa = PBXSourcesBuildPhase;
			buildActionMask = 2147483647;
			files = (
				C7B738281BC0A7A900B39E1B /* HowlerTests.swift in Sources */,
			);
			runOnlyForDeploymentPostprocessing = 0;
		};
		C7B7382A1BC0A7A900B39E1B /* Sources */ = {
			isa = PBXSourcesBuildPhase;
			buildActionMask = 2147483647;
			files = (
				C7B738331BC0A7A900B39E1B /* HowlerUITests.swift in Sources */,
			);
			runOnlyForDeploymentPostprocessing = 0;
		};
/* End PBXSourcesBuildPhase section */

/* Begin PBXTargetDependency section */
		C7B738251BC0A7A900B39E1B /* PBXTargetDependency */ = {
			isa = PBXTargetDependency;
			target = C7B7380E1BC0A7A900B39E1B /* Howler */;
			targetProxy = C7B738241BC0A7A900B39E1B /* PBXContainerItemProxy */;
		};
		C7B738301BC0A7A900B39E1B /* PBXTargetDependency */ = {
			isa = PBXTargetDependency;
			target = C7B7380E1BC0A7A900B39E1B /* Howler */;
			targetProxy = C7B7382F1BC0A7A900B39E1B /* PBXContainerItemProxy */;
		};
/* End PBXTargetDependency section */

/* Begin PBXVariantGroup section */
		C7B738161BC0A7A900B39E1B /* Main.storyboard */ = {
			isa = PBXVariantGroup;
			children = (
				C7B738171BC0A7A900B39E1B /* Base */,
			);
			name = Main.storyboard;
			sourceTree = "<group>";
		};
		C7B7381B1BC0A7A900B39E1B /* LaunchScreen.storyboard */ = {
			isa = PBXVariantGroup;
			children = (
				C7B7381C1BC0A7A900B39E1B /* Base */,
			);
			name = LaunchScreen.storyboard;
			sourceTree = "<group>";
		};
/* End PBXVariantGroup section */

/* Begin XCBuildConfiguration section */
		C7B738351BC0A7A900B39E1B /* Debug */ = {
			isa = XCBuildConfiguration;
			buildSettings = {
				ALWAYS_SEARCH_USER_PATHS = NO;
				CLANG_CXX_LANGUAGE_STANDARD = "gnu++0x";
				CLANG_CXX_LIBRARY = "libc++";
				CLANG_ENABLE_MODULES = YES;
				CLANG_ENABLE_OBJC_ARC = YES;
				CLANG_WARN_BOOL_CONVERSION = YES;
				CLANG_WARN_CONSTANT_CONVERSION = YES;
				CLANG_WARN_DIRECT_OBJC_ISA_USAGE = YES_ERROR;
				CLANG_WARN_EMPTY_BODY = YES;
				CLANG_WARN_ENUM_CONVERSION = YES;
				CLANG_WARN_INT_CONVERSION = YES;
				CLANG_WARN_OBJC_ROOT_CLASS = YES_ERROR;
				CLANG_WARN_UNREACHABLE_CODE = YES;
				CLANG_WARN__DUPLICATE_METHOD_MATCH = YES;
				"CODE_SIGN_IDENTITY[sdk=iphoneos*]" = "iPhone Developer";
				COPY_PHASE_STRIP = NO;
				DEBUG_INFORMATION_FORMAT = dwarf;
				ENABLE_STRICT_OBJC_MSGSEND = YES;
				ENABLE_TESTABILITY = YES;
				GCC_C_LANGUAGE_STANDARD = gnu99;
				GCC_DYNAMIC_NO_PIC = NO;
				GCC_NO_COMMON_BLOCKS = YES;
				GCC_OPTIMIZATION_LEVEL = 0;
				GCC_PREPROCESSOR_DEFINITIONS = (
					"DEBUG=1",
					"$(inherited)",
				);
				GCC_WARN_64_TO_32_BIT_CONVERSION = YES;
				GCC_WARN_ABOUT_RETURN_TYPE = YES_ERROR;
				GCC_WARN_UNDECLARED_SELECTOR = YES;
				GCC_WARN_UNINITIALIZED_AUTOS = YES_AGGRESSIVE;
				GCC_WARN_UNUSED_FUNCTION = YES;
				GCC_WARN_UNUSED_VARIABLE = YES;
				IPHONEOS_DEPLOYMENT_TARGET = 9.0;
				MTL_ENABLE_DEBUG_INFO = YES;
				ONLY_ACTIVE_ARCH = YES;
				SDKROOT = iphoneos;
				SWIFT_OPTIMIZATION_LEVEL = "-Onone";
				TARGETED_DEVICE_FAMILY = "1,2";
			};
			name = Debug;
		};
		C7B738361BC0A7A900B39E1B /* Release */ = {
			isa = XCBuildConfiguration;
			buildSettings = {
				ALWAYS_SEARCH_USER_PATHS = NO;
				CLANG_CXX_LANGUAGE_STANDARD = "gnu++0x";
				CLANG_CXX_LIBRARY = "libc++";
				CLANG_ENABLE_MODULES = YES;
				CLANG_ENABLE_OBJC_ARC = YES;
				CLANG_WARN_BOOL_CONVERSION = YES;
				CLANG_WARN_CONSTANT_CONVERSION = YES;
				CLANG_WARN_DIRECT_OBJC_ISA_USAGE = YES_ERROR;
				CLANG_WARN_EMPTY_BODY = YES;
				CLANG_WARN_ENUM_CONVERSION = YES;
				CLANG_WARN_INT_CONVERSION = YES;
				CLANG_WARN_OBJC_ROOT_CLASS = YES_ERROR;
				CLANG_WARN_UNREACHABLE_CODE = YES;
				CLANG_WARN__DUPLICATE_METHOD_MATCH = YES;
				"CODE_SIGN_IDENTITY[sdk=iphoneos*]" = "iPhone Developer";
				COPY_PHASE_STRIP = NO;
				DEBUG_INFORMATION_FORMAT = "dwarf-with-dsym";
				ENABLE_NS_ASSERTIONS = NO;
				ENABLE_STRICT_OBJC_MSGSEND = YES;
				GCC_C_LANGUAGE_STANDARD = gnu99;
				GCC_NO_COMMON_BLOCKS = YES;
				GCC_WARN_64_TO_32_BIT_CONVERSION = YES;
				GCC_WARN_ABOUT_RETURN_TYPE = YES_ERROR;
				GCC_WARN_UNDECLARED_SELECTOR = YES;
				GCC_WARN_UNINITIALIZED_AUTOS = YES_AGGRESSIVE;
				GCC_WARN_UNUSED_FUNCTION = YES;
				GCC_WARN_UNUSED_VARIABLE = YES;
				IPHONEOS_DEPLOYMENT_TARGET = 9.0;
				MTL_ENABLE_DEBUG_INFO = NO;
				SDKROOT = iphoneos;
				TARGETED_DEVICE_FAMILY = "1,2";
				VALIDATE_PRODUCT = YES;
			};
			name = Release;
		};
		C7B738381BC0A7A900B39E1B /* Debug */ = {
			isa = XCBuildConfiguration;
			buildSettings = {
				ASSETCATALOG_COMPILER_APPICON_NAME = AppIcon;
				INFOPLIST_FILE = Howler/Info.plist;
				LD_RUNPATH_SEARCH_PATHS = "$(inherited) @executable_path/Frameworks";
				PRODUCT_BUNDLE_IDENTIFIER = Lamp.Howler;
				PRODUCT_NAME = "$(TARGET_NAME)";
			};
			name = Debug;
		};
		C7B738391BC0A7A900B39E1B /* Release */ = {
			isa = XCBuildConfiguration;
			buildSettings = {
				ASSETCATALOG_COMPILER_APPICON_NAME = AppIcon;
				INFOPLIST_FILE = Howler/Info.plist;
				LD_RUNPATH_SEARCH_PATHS = "$(inherited) @executable_path/Frameworks";
				PRODUCT_BUNDLE_IDENTIFIER = Lamp.Howler;
				PRODUCT_NAME = "$(TARGET_NAME)";
			};
			name = Release;
		};
		C7B7383B1BC0A7A900B39E1B /* Debug */ = {
			isa = XCBuildConfiguration;
			buildSettings = {
				BUNDLE_LOADER = "$(TEST_HOST)";
				INFOPLIST_FILE = HowlerTests/Info.plist;
				LD_RUNPATH_SEARCH_PATHS = "$(inherited) @executable_path/Frameworks @loader_path/Frameworks";
				PRODUCT_BUNDLE_IDENTIFIER = Lamp.HowlerTests;
				PRODUCT_NAME = "$(TARGET_NAME)";
				TEST_HOST = "$(BUILT_PRODUCTS_DIR)/Howler.app/Howler";
			};
			name = Debug;
		};
		C7B7383C1BC0A7A900B39E1B /* Release */ = {
			isa = XCBuildConfiguration;
			buildSettings = {
				BUNDLE_LOADER = "$(TEST_HOST)";
				INFOPLIST_FILE = HowlerTests/Info.plist;
				LD_RUNPATH_SEARCH_PATHS = "$(inherited) @executable_path/Frameworks @loader_path/Frameworks";
				PRODUCT_BUNDLE_IDENTIFIER = Lamp.HowlerTests;
				PRODUCT_NAME = "$(TARGET_NAME)";
				TEST_HOST = "$(BUILT_PRODUCTS_DIR)/Howler.app/Howler";
			};
			name = Release;
		};
		C7B7383E1BC0A7A900B39E1B /* Debug */ = {
			isa = XCBuildConfiguration;
			buildSettings = {
				INFOPLIST_FILE = HowlerUITests/Info.plist;
				LD_RUNPATH_SEARCH_PATHS = "$(inherited) @executable_path/Frameworks @loader_path/Frameworks";
				PRODUCT_BUNDLE_IDENTIFIER = Lamp.HowlerUITests;
				PRODUCT_NAME = "$(TARGET_NAME)";
				TEST_TARGET_NAME = Howler;
				USES_XCTRUNNER = YES;
			};
			name = Debug;
		};
		C7B7383F1BC0A7A900B39E1B /* Release */ = {
			isa = XCBuildConfiguration;
			buildSettings = {
				INFOPLIST_FILE = HowlerUITests/Info.plist;
				LD_RUNPATH_SEARCH_PATHS = "$(inherited) @executable_path/Frameworks @loader_path/Frameworks";
				PRODUCT_BUNDLE_IDENTIFIER = Lamp.HowlerUITests;
				PRODUCT_NAME = "$(TARGET_NAME)";
				TEST_TARGET_NAME = Howler;
				USES_XCTRUNNER = YES;
			};
			name = Release;
		};
/* End XCBuildConfiguration section */

/* Begin XCConfigurationList section */
		C7B7380A1BC0A7A900B39E1B /* Build configuration list for PBXProject "Howler" */ = {
			isa = XCConfigurationList;
			buildConfigurations = (
				C7B738351BC0A7A900B39E1B /* Debug */,
				C7B738361BC0A7A900B39E1B /* Release */,
			);
			defaultConfigurationIsVisible = 0;
			defaultConfigurationName = Release;
		};
		C7B738371BC0A7A900B39E1B /* Build configuration list for PBXNativeTarget "Howler" */ = {
			isa = XCConfigurationList;
			buildConfigurations = (
				C7B738381BC0A7A900B39E1B /* Debug */,
				C7B738391BC0A7A900B39E1B /* Release */,
			);
			defaultConfigurationIsVisible = 0;
		};
		C7B7383A1BC0A7A900B39E1B /* Build configuration list for PBXNativeTarget "HowlerTests" */ = {
			isa = XCConfigurationList;
			buildConfigurations = (
				C7B7383B1BC0A7A900B39E1B /* Debug */,
				C7B7383C1BC0A7A900B39E1B /* Release */,
			);
			defaultConfigurationIsVisible = 0;
		};
		C7B7383D1BC0A7A900B39E1B /* Build configuration list for PBXNativeTarget "HowlerUITests" */ = {
			isa = XCConfigurationList;
			buildConfigurations = (
				C7B7383E1BC0A7A900B39E1B /* Debug */,
				C7B7383F1BC0A7A900B39E1B /* Release */,
			);
			defaultConfigurationIsVisible = 0;
		};
/* End XCConfigurationList section */
	};
	rootObject = C7B738071BC0A7A900B39E1B /* Project object */;
}
